
Microsoft Visual Studio Solution File, Format Version 12.00
# Visual Studio Version 17
VisualStudioVersion = 17.1.32421.90
MinimumVisualStudioVersion = 10.0.40219.1
Project("{FAE04EC0-301F-11D3-BF4B-00C04F79EFBC}") = "K-MoodleNotifier.UWP", "K-MoodleNotifier.UWP\K-MoodleNotifier.UWP.csproj", "{47D4F83C-DB31-4670-9FC6-9A36ED702F1A}"
EndProject
Project("{FAE04EC0-301F-11D3-BF4B-00C04F79EFBC}") = "K-MoodleNotifier.Android", "K-MoodleNotifier.Android\K-MoodleNotifier.Android.csproj", "{B1C320D4-D633-43FB-B4FA-3D4237D37430}"
EndProject
Project("{FAE04EC0-301F-11D3-BF4B-00C04F79EFBC}") = "K-MoodleNotifier.iOS", "K-MoodleNotifier.iOS\K-MoodleNotifier.iOS.csproj", "{2EA1A275-82CA-413B-9D03-BB95DDAA5DB6}"
EndProject
Project("{9A19103F-16F7-4668-BE54-9A1E7A4F7556}") = "K-MoodleNotifier", "K-MoodleNotifier\K-MoodleNotifier.csproj", "{5515847B-3A6E-4748-9C29-94C1575A5686}"
EndProject
Project("{2150E333-8FDC-42A3-9474-1A3956D46DE8}") = "Solution Items", "Solution Items", "{727A72FB-0E33-4A57-A004-761F329708CD}"
	ProjectSection(SolutionItems) = preProject
		LICENSE = LICENSE
	EndProjectSection
EndProject
Global
	GlobalSection(SolutionConfigurationPlatforms) = preSolution
		Debug|Any CPU = Debug|Any CPU
		Debug|ARM = Debug|ARM
		Debug|iPhone = Debug|iPhone
		Debug|iPhoneSimulator = Debug|iPhoneSimulator
		Debug|x64 = Debug|x64
		Debug|x86 = Debug|x86
		Release|Any CPU = Release|Any CPU
		Release|ARM = Release|ARM
		Release|iPhone = Release|iPhone
		Release|iPhoneSimulator = Release|iPhoneSimulator
		Release|x64 = Release|x64
		Release|x86 = Release|x86
	EndGlobalSection
	GlobalSection(ProjectConfigurationPlatforms) = postSolution
		{47D4F83C-DB31-4670-9FC6-9A36ED702F1A}.Debug|Any CPU.ActiveCfg = Debug|x64
		{47D4F83C-DB31-4670-9FC6-9A36ED702F1A}.Debug|Any CPU.Build.0 = Debug|x64
		{47D4F83C-DB31-4670-9FC6-9A36ED702F1A}.Debug|Any CPU.Deploy.0 = Debug|x64
		{47D4F83C-DB31-4670-9FC6-9A36ED702F1A}.Debug|ARM.ActiveCfg = Debug|ARM
		{47D4F83C-DB31-4670-9FC6-9A36ED702F1A}.Debug|ARM.Build.0 = Debug|ARM
		{47D4F83C-DB31-4670-9FC6-9A36ED702F1A}.Debug|ARM.Deploy.0 = Debug|ARM
		{47D4F83C-DB31-4670-9FC6-9A36ED702F1A}.Debug|iPhone.ActiveCfg = Debug|x64
		{47D4F83C-DB31-4670-9FC6-9A36ED702F1A}.Debug|iPhone.Build.0 = Debug|x64
		{47D4F83C-DB31-4670-9FC6-9A36ED702F1A}.Debug|iPhone.Deploy.0 = Debug|x64
		{47D4F83C-DB31-4670-9FC6-9A36ED702F1A}.Debug|iPhoneSimulator.ActiveCfg = Debug|x64
		{47D4F83C-DB31-4670-9FC6-9A36ED702F1A}.Debug|iPhoneSimulator.Build.0 = Debug|x64
		{47D4F83C-DB31-4670-9FC6-9A36ED702F1A}.Debug|iPhoneSimulator.Deploy.0 = Debug|x64
		{47D4F83C-DB31-4670-9FC6-9A36ED702F1A}.Debug|x64.ActiveCfg = Debug|x64
		{47D4F83C-DB31-4670-9FC6-9A36ED702F1A}.Debug|x64.Build.0 = Debug|x64
		{47D4F83C-DB31-4670-9FC6-9A36ED702F1A}.Debug|x64.Deploy.0 = Debug|x64
		{47D4F83C-DB31-4670-9FC6-9A36ED702F1A}.Debug|x86.ActiveCfg = Debug|x86
		{47D4F83C-DB31-4670-9FC6-9A36ED702F1A}.Debug|x86.Build.0 = Debug|x86
		{47D4F83C-DB31-4670-9FC6-9A36ED702F1A}.Debug|x86.Deploy.0 = Debug|x86
		{47D4F83C-DB31-4670-9FC6-9A36ED702F1A}.Release|Any CPU.ActiveCfg = Release|x64
		{47D4F83C-DB31-4670-9FC6-9A36ED702F1A}.Release|Any CPU.Build.0 = Release|x64
		{47D4F83C-DB31-4670-9FC6-9A36ED702F1A}.Release|Any CPU.Deploy.0 = Release|x64
		{47D4F83C-DB31-4670-9FC6-9A36ED702F1A}.Release|ARM.ActiveCfg = Release|ARM
		{47D4F83C-DB31-4670-9FC6-9A36ED702F1A}.Release|ARM.Build.0 = Release|ARM
		{47D4F83C-DB31-4670-9FC6-9A36ED702F1A}.Release|ARM.Deploy.0 = Release|ARM
		{47D4F83C-DB31-4670-9FC6-9A36ED702F1A}.Release|iPhone.ActiveCfg = Release|x64
		{47D4F83C-DB31-4670-9FC6-9A36ED702F1A}.Release|iPhone.Build.0 = Release|x64
		{47D4F83C-DB31-4670-9FC6-9A36ED702F1A}.Release|iPhone.Deploy.0 = Release|x64
		{47D4F83C-DB31-4670-9FC6-9A36ED702F1A}.Release|iPhoneSimulator.ActiveCfg = Release|x64
		{47D4F83C-DB31-4670-9FC6-9A36ED702F1A}.Release|iPhoneSimulator.Build.0 = Release|x64
		{47D4F83C-DB31-4670-9FC6-9A36ED702F1A}.Release|iPhoneSimulator.Deploy.0 = Release|x64
		{47D4F83C-DB31-4670-9FC6-9A36ED702F1A}.Release|x64.ActiveCfg = Release|x64
		{47D4F83C-DB31-4670-9FC6-9A36ED702F1A}.Release|x64.Build.0 = Release|x64
		{47D4F83C-DB31-4670-9FC6-9A36ED702F1A}.Release|x64.Deploy.0 = Release|x64
		{47D4F83C-DB31-4670-9FC6-9A36ED702F1A}.Release|x86.ActiveCfg = Release|x86
		{47D4F83C-DB31-4670-9FC6-9A36ED702F1A}.Release|x86.Build.0 = Release|x86
		{47D4F83C-DB31-4670-9FC6-9A36ED702F1A}.Release|x86.Deploy.0 = Release|x86
		{B1C320D4-D633-43FB-B4FA-3D4237D37430}.Debug|Any CPU.ActiveCfg = Debug|Any CPU
		{B1C320D4-D633-43FB-B4FA-3D4237D37430}.Debug|Any CPU.Build.0 = Debug|Any CPU
		{B1C320D4-D633-43FB-B4FA-3D4237D37430}.Debug|Any CPU.Deploy.0 = Debug|Any CPU
		{B1C320D4-D633-43FB-B4FA-3D4237D37430}.Debug|ARM.ActiveCfg = Debug|Any CPU
		{B1C320D4-D633-43FB-B4FA-3D4237D37430}.Debug|ARM.Build.0 = Debug|Any CPU
		{B1C320D4-D633-43FB-B4FA-3D4237D37430}.Debug|ARM.Deploy.0 = Debug|Any CPU
		{B1C320D4-D633-43FB-B4FA-3D4237D37430}.Debug|iPhone.ActiveCfg = Debug|Any CPU
		{B1C320D4-D633-43FB-B4FA-3D4237D37430}.Debug|iPhone.Build.0 = Debug|Any CPU
		{B1C320D4-D633-43FB-B4FA-3D4237D37430}.Debug|iPhone.Deploy.0 = Debug|Any CPU
		{B1C320D4-D633-43FB-B4FA-3D4237D37430}.Debug|iPhoneSimulator.ActiveCfg = Debug|Any CPU
		{B1C320D4-D633-43FB-B4FA-3D4237D37430}.Debug|iPhoneSimulator.Build.0 = Debug|Any CPU
		{B1C320D4-D633-43FB-B4FA-3D4237D37430}.Debug|iPhoneSimulator.Deploy.0 = Debug|Any CPU
		{B1C320D4-D633-43FB-B4FA-3D4237D37430}.Debug|x64.ActiveCfg = Debug|Any CPU
		{B1C320D4-D633-43FB-B4FA-3D4237D37430}.Debug|x64.Build.0 = Debug|Any CPU
		{B1C320D4-D633-43FB-B4FA-3D4237D37430}.Debug|x64.Deploy.0 = Debug|Any CPU
		{B1C320D4-D633-43FB-B4FA-3D4237D37430}.Debug|x86.ActiveCfg = Debug|Any CPU
		{B1C320D4-D633-43FB-B4FA-3D4237D37430}.Debug|x86.Build.0 = Debug|Any CPU
		{B1C320D4-D633-43FB-B4FA-3D4237D37430}.Debug|x86.Deploy.0 = Debug|Any CPU
		{B1C320D4-D633-43FB-B4FA-3D4237D37430}.Release|Any CPU.ActiveCfg = Release|Any CPU
		{B1C320D4-D633-43FB-B4FA-3D4237D37430}.Release|Any CPU.Build.0 = Release|Any CPU
		{B1C320D4-D633-43FB-B4FA-3D4237D37430}.Release|Any CPU.Deploy.0 = Release|Any CPU
		{B1C320D4-D633-43FB-B4FA-3D4237D37430}.Release|ARM.ActiveCfg = Release|Any CPU
		{B1C320D4-D633-43FB-B4FA-3D4237D37430}.Release|ARM.Build.0 = Release|Any CPU
		{B1C320D4-D633-43FB-B4FA-3D4237D37430}.Release|ARM.Deploy.0 = Release|Any CPU
		{B1C320D4-D633-43FB-B4FA-3D4237D37430}.Release|iPhone.ActiveCfg = Release|Any CPU
		{B1C320D4-D633-43FB-B4FA-3D4237D37430}.Release|iPhone.Build.0 = Release|Any CPU
		{B1C320D4-D633-43FB-B4FA-3D4237D37430}.Release|iPhone.Deploy.0 = Release|Any CPU
		{B1C320D4-D633-43FB-B4FA-3D4237D37430}.Release|iPhoneSimulator.ActiveCfg = Release|Any CPU
		{B1C320D4-D633-43FB-B4FA-3D4237D37430}.Release|iPhoneSimulator.Build.0 = Release|Any CPU
		{B1C320D4-D633-43FB-B4FA-3D4237D37430}.Release|iPhoneSimulator.Deploy.0 = Release|Any CPU
		{B1C320D4-D633-43FB-B4FA-3D4237D37430}.Release|x64.ActiveCfg = Release|Any CPU
		{B1C320D4-D633-43FB-B4FA-3D4237D37430}.Release|x64.Build.0 = Release|Any CPU
		{B1C320D4-D633-43FB-B4FA-3D4237D37430}.Release|x64.Deploy.0 = Release|Any CPU
		{B1C320D4-D633-43FB-B4FA-3D4237D37430}.Release|x86.ActiveCfg = Release|Any CPU
		{B1C320D4-D633-43FB-B4FA-3D4237D37430}.Release|x86.Build.0 = Release|Any CPU
		{B1C320D4-D633-43FB-B4FA-3D4237D37430}.Release|x86.Deploy.0 = Release|Any CPU
		{2EA1A275-82CA-413B-9D03-BB95DDAA5DB6}.Debug|Any CPU.ActiveCfg = Debug|iPhoneSimulator
		{2EA1A275-82CA-413B-9D03-BB95DDAA5DB6}.Debug|Any CPU.Build.0 = Debug|iPhoneSimulator
		{2EA1A275-82CA-413B-9D03-BB95DDAA5DB6}.Debug|Any CPU.Deploy.0 = Debug|iPhoneSimulator
		{2EA1A275-82CA-413B-9D03-BB95DDAA5DB6}.Debug|ARM.ActiveCfg = Debug|iPhoneSimulator
		{2EA1A275-82CA-413B-9D03-BB95DDAA5DB6}.Debug|ARM.Build.0 = Debug|iPhoneSimulator
		{2EA1A275-82CA-413B-9D03-BB95DDAA5DB6}.Debug|ARM.Deploy.0 = Debug|iPhoneSimulator
		{2EA1A275-82CA-413B-9D03-BB95DDAA5DB6}.Debug|iPhone.ActiveCfg = Debug|iPhone
		{2EA1A275-82CA-413B-9D03-BB95DDAA5DB6}.Debug|iPhone.Build.0 = Debug|iPhone
		{2EA1A275-82CA-413B-9D03-BB95DDAA5DB6}.Debug|iPhone.Deploy.0 = Debug|iPhone
		{2EA1A275-82CA-413B-9D03-BB95DDAA5DB6}.Debug|iPhoneSimulator.ActiveCfg = Debug|iPhoneSimulator
		{2EA1A275-82CA-413B-9D03-BB95DDAA5DB6}.Debug|iPhoneSimulator.Build.0 = Debug|iPhoneSimulator
		{2EA1A275-82CA-413B-9D03-BB95DDAA5DB6}.Debug|iPhoneSimulator.Deploy.0 = Debug|iPhoneSimulator
		{2EA1A275-82CA-413B-9D03-BB95DDAA5DB6}.Debug|x64.ActiveCfg = Debug|iPhone
		{2EA1A275-82CA-413B-9D03-BB95DDAA5DB6}.Debug|x64.Build.0 = Debug|iPhone
		{2EA1A275-82CA-413B-9D03-BB95DDAA5DB6}.Debug|x64.Deploy.0 = Debug|iPhone
		{2EA1A275-82CA-413B-9D03-BB95DDAA5DB6}.Debug|x86.ActiveCfg = Debug|iPhoneSimulator
		{2EA1A275-82CA-413B-9D03-BB95DDAA5DB6}.Debug|x86.Build.0 = Debug|iPhoneSimulator
		{2EA1A275-82CA-413B-9D03-BB95DDAA5DB6}.Debug|x86.Deploy.0 = Debug|iPhoneSimulator
		{2EA1A275-82CA-413B-9D03-BB95DDAA5DB6}.Release|Any CPU.ActiveCfg = Release|iPhoneSimulator
		{2EA1A275-82CA-413B-9D03-BB95DDAA5DB6}.Release|Any CPU.Build.0 = Release|iPhoneSimulator
		{2EA1A275-82CA-413B-9D03-BB95DDAA5DB6}.Release|Any CPU.Deploy.0 = Release|iPhoneSimulator
		{2EA1A275-82CA-413B-9D03-BB95DDAA5DB6}.Release|ARM.ActiveCfg = Release|iPhoneSimulator
		{2EA1A275-82CA-413B-9D03-BB95DDAA5DB6}.Release|ARM.Build.0 = Release|iPhoneSimulator
		{2EA1A275-82CA-413B-9D03-BB95DDAA5DB6}.Release|ARM.Deploy.0 = Release|iPhoneSimulator
		{2EA1A275-82CA-413B-9D03-BB95DDAA5DB6}.Release|iPhone.ActiveCfg = Release|iPhone
		{2EA1A275-82CA-413B-9D03-BB95DDAA5DB6}.Release|iPhone.Build.0 = Release|iPhone
		{2EA1A275-82CA-413B-9D03-BB95DDAA5DB6}.Release|iPhone.Deploy.0 = Release|iPhone
		{2EA1A275-82CA-413B-9D03-BB95DDAA5DB6}.Release|iPhoneSimulator.ActiveCfg = Release|iPhoneSimulator
		{2EA1A275-82CA-413B-9D03-BB95DDAA5DB6}.Release|iPhoneSimulator.Build.0 = Release|iPhoneSimulator
		{2EA1A275-82CA-413B-9D03-BB95DDAA5DB6}.Release|iPhoneSimulator.Deploy.0 = Release|iPhoneSimulator
		{2EA1A275-82CA-413B-9D03-BB95DDAA5DB6}.Release|x64.ActiveCfg = Release|iPhoneSimulator
		{2EA1A275-82CA-413B-9D03-BB95DDAA5DB6}.Release|x64.Build.0 = Release|iPhoneSimulator
		{2EA1A275-82CA-413B-9D03-BB95DDAA5DB6}.Release|x64.Deploy.0 = Release|iPhoneSimulator
		{2EA1A275-82CA-413B-9D03-BB95DDAA5DB6}.Release|x86.ActiveCfg = Release|iPhoneSimulator
		{2EA1A275-82CA-413B-9D03-BB95DDAA5DB6}.Release|x86.Build.0 = Release|iPhoneSimulator
		{2EA1A275-82CA-413B-9D03-BB95DDAA5DB6}.Release|x86.Deploy.0 = Release|iPhoneSimulator
		{5515847B-3A6E-4748-9C29-94C1575A5686}.Debug|Any CPU.ActiveCfg = Debug|Any CPU
		{5515847B-3A6E-4748-9C29-94C1575A5686}.Debug|Any CPU.Build.0 = Debug|Any CPU
		{5515847B-3A6E-4748-9C29-94C1575A5686}.Debug|Any CPU.Deploy.0 = Debug|Any CPU
		{5515847B-3A6E-4748-9C29-94C1575A5686}.Debug|ARM.ActiveCfg = Debug|Any CPU
		{5515847B-3A6E-4748-9C29-94C1575A5686}.Debug|ARM.Build.0 = Debug|Any CPU
		{5515847B-3A6E-4748-9C29-94C1575A5686}.Debug|ARM.Deploy.0 = Debug|Any CPU
		{5515847B-3A6E-4748-9C29-94C1575A5686}.Debug|iPhone.ActiveCfg = Debug|Any CPU
		{5515847B-3A6E-4748-9C29-94C1575A5686}.Debug|iPhone.Build.0 = Debug|Any CPU
		{5515847B-3A6E-4748-9C29-94C1575A5686}.Debug|iPhone.Deploy.0 = Debug|Any CPU
		{5515847B-3A6E-4748-9C29-94C1575A5686}.Debug|iPhoneSimulator.ActiveCfg = Debug|Any CPU
		{5515847B-3A6E-4748-9C29-94C1575A5686}.Debug|iPhoneSimulator.Build.0 = Debug|Any CPU
		{5515847B-3A6E-4748-9C29-94C1575A5686}.Debug|iPhoneSimulator.Deploy.0 = Debug|Any CPU
		{5515847B-3A6E-4748-9C29-94C1575A5686}.Debug|x64.ActiveCfg = Debug|Any CPU
		{5515847B-3A6E-4748-9C29-94C1575A5686}.Debug|x64.Build.0 = Debug|Any CPU
		{5515847B-3A6E-4748-9C29-94C1575A5686}.Debug|x64.Deploy.0 = Debug|Any CPU
		{5515847B-3A6E-4748-9C29-94C1575A5686}.Debug|x86.ActiveCfg = Debug|Any CPU
		{5515847B-3A6E-4748-9C29-94C1575A5686}.Debug|x86.Build.0 = Debug|Any CPU
		{5515847B-3A6E-4748-9C29-94C1575A5686}.Debug|x86.Deploy.0 = Debug|Any CPU
		{5515847B-3A6E-4748-9C29-94C1575A5686}.Release|Any CPU.ActiveCfg = Release|Any CPU
		{5515847B-3A6E-4748-9C29-94C1575A5686}.Release|Any CPU.Build.0 = Release|Any CPU
		{5515847B-3A6E-4748-9C29-94C1575A5686}.Release|Any CPU.Deploy.0 = Release|Any CPU
		{5515847B-3A6E-4748-9C29-94C1575A5686}.Release|ARM.ActiveCfg = Release|Any CPU
		{5515847B-3A6E-4748-9C29-94C1575A5686}.Release|ARM.Build.0 = Release|Any CPU
		{5515847B-3A6E-4748-9C29-94C1575A5686}.Release|ARM.Deploy.0 = Release|Any CPU
		{5515847B-3A6E-4748-9C29-94C1575A5686}.Release|iPhone.ActiveCfg = Release|Any CPU
		{5515847B-3A6E-4748-9C29-94C1575A5686}.Release|iPhone.Build.0 = Release|Any CPU
		{5515847B-3A6E-4748-9C29-94C1575A5686}.Release|iPhone.Deploy.0 = Release|Any CPU
		{5515847B-3A6E-4748-9C29-94C1575A5686}.Release|iPhoneSimulator.ActiveCfg = Release|Any CPU
		{5515847B-3A6E-4748-9C29-94C1575A5686}.Release|iPhoneSimulator.Build.0 = Release|Any CPU
		{5515847B-3A6E-4748-9C29-94C1575A5686}.Release|iPhoneSimulator.Deploy.0 = Release|Any CPU
		{5515847B-3A6E-4748-9C29-94C1575A5686}.Release|x64.ActiveCfg = Release|Any CPU
		{5515847B-3A6E-4748-9C29-94C1575A5686}.Release|x64.Build.0 = Release|Any CPU
		{5515847B-3A6E-4748-9C29-94C1575A5686}.Release|x64.Deploy.0 = Release|Any CPU
		{5515847B-3A6E-4748-9C29-94C1575A5686}.Release|x86.ActiveCfg = Release|Any CPU
		{5515847B-3A6E-4748-9C29-94C1575A5686}.Release|x86.Build.0 = Release|Any CPU
		{5515847B-3A6E-4748-9C29-94C1575A5686}.Release|x86.Deploy.0 = Release|Any CPU
	EndGlobalSection
	GlobalSection(SolutionProperties) = preSolution
		HideSolutionNode = FALSE
	EndGlobalSection
	GlobalSection(ExtensibilityGlobals) = postSolution
		SolutionGuid = {D471E07F-C7D9-4F4C-9778-0BEC0171846C}
	EndGlobalSection
EndGlobal
